
Microsoft Visual Studio Solution File, Format Version 12.00
Project("{FAE04EC0-301F-11D3-BF4B-00C04F79EFBC}") = "MainService", "MainService\MainService.csproj", "{AB54028A-5512-446B-896F-2B4D20FD3618}"
EndProject
Project("{FAE04EC0-301F-11D3-BF4B-00C04F79EFBC}") = "ServiceOne", "ServiceOne\ServiceOne.csproj", "{B6B3B061-9353-4774-8ABE-407099DDF129}"
EndProject
Project("{FAE04EC0-301F-11D3-BF4B-00C04F79EFBC}") = "ServiceTwo", "ServiceTwo\ServiceTwo.csproj", "{EFEFF791-35CE-4166-A398-62F713A69E60}"
EndProject
Project("{FAE04EC0-301F-11D3-BF4B-00C04F79EFBC}") = "MainService.Tests", "MainService.Tests\MainService.Tests.csproj", "{78C20979-577A-48E5-9361-FF335C1F3A6B}"
EndProject
Project("{FAE04EC0-301F-11D3-BF4B-00C04F79EFBC}") = "MiddlewareClassLibrary", "MiddlewareClassLibrary\MiddlewareClassLibrary.csproj", "{542E6CB3-3815-4CD3-8E0E-57CC9E33DC78}"
EndProject
Global
	GlobalSection(SolutionConfigurationPlatforms) = preSolution
		Debug|Any CPU = Debug|Any CPU
		Release|Any CPU = Release|Any CPU
	EndGlobalSection
	GlobalSection(ProjectConfigurationPlatforms) = postSolution
		{AB54028A-5512-446B-896F-2B4D20FD3618}.Debug|Any CPU.ActiveCfg = Debug|Any CPU
		{AB54028A-5512-446B-896F-2B4D20FD3618}.Debug|Any CPU.Build.0 = Debug|Any CPU
		{AB54028A-5512-446B-896F-2B4D20FD3618}.Release|Any CPU.ActiveCfg = Release|Any CPU
		{AB54028A-5512-446B-896F-2B4D20FD3618}.Release|Any CPU.Build.0 = Release|Any CPU
		{B6B3B061-9353-4774-8ABE-407099DDF129}.Debug|Any CPU.ActiveCfg = Debug|Any CPU
		{B6B3B061-9353-4774-8ABE-407099DDF129}.Debug|Any CPU.Build.0 = Debug|Any CPU
		{B6B3B061-9353-4774-8ABE-407099DDF129}.Release|Any CPU.ActiveCfg = Release|Any CPU
		{B6B3B061-9353-4774-8ABE-407099DDF129}.Release|Any CPU.Build.0 = Release|Any CPU
		{EFEFF791-35CE-4166-A398-62F713A69E60}.Debug|Any CPU.ActiveCfg = Debug|Any CPU
		{EFEFF791-35CE-4166-A398-62F713A69E60}.Debug|Any CPU.Build.0 = Debug|Any CPU
		{EFEFF791-35CE-4166-A398-62F713A69E60}.Release|Any CPU.ActiveCfg = Release|Any CPU
		{EFEFF791-35CE-4166-A398-62F713A69E60}.Release|Any CPU.Build.0 = Release|Any CPU
		{78C20979-577A-48E5-9361-FF335C1F3A6B}.Debug|Any CPU.ActiveCfg = Debug|Any CPU
		{78C20979-577A-48E5-9361-FF335C1F3A6B}.Debug|Any CPU.Build.0 = Debug|Any CPU
		{78C20979-577A-48E5-9361-FF335C1F3A6B}.Release|Any CPU.ActiveCfg = Release|Any CPU
		{78C20979-577A-48E5-9361-FF335C1F3A6B}.Release|Any CPU.Build.0 = Release|Any CPU
		{542E6CB3-3815-4CD3-8E0E-57CC9E33DC78}.Debug|Any CPU.ActiveCfg = Debug|Any CPU
		{542E6CB3-3815-4CD3-8E0E-57CC9E33DC78}.Debug|Any CPU.Build.0 = Debug|Any CPU
		{542E6CB3-3815-4CD3-8E0E-57CC9E33DC78}.Release|Any CPU.ActiveCfg = Release|Any CPU
		{542E6CB3-3815-4CD3-8E0E-57CC9E33DC78}.Release|Any CPU.Build.0 = Release|Any CPU
	EndGlobalSection
EndGlobal
